// !$*UTF8*$!
{
	archiveVersion = 1;
	classes = {
	};
	objectVersion = 56;
	objects = {

/* Begin PBXBuildFile section */
		E4F2BBC02C53CC4F002B5434 /* AppDelegate.swift in Sources */ = {isa = PBXBuildFile; fileRef = E4F2BBBF2C53CC4F002B5434 /* AppDelegate.swift */; };
		E4F2BBC22C53CC4F002B5434 /* SceneDelegate.swift in Sources */ = {isa = PBXBuildFile; fileRef = E4F2BBC12C53CC4F002B5434 /* SceneDelegate.swift */; };
		E4F2BBC42C53CC4F002B5434 /* ViewController.swift in Sources */ = {isa = PBXBuildFile; fileRef = E4F2BBC32C53CC4F002B5434 /* ViewController.swift */; };
		E4F2BBC72C53CC4F002B5434 /* Base in Resources */ = {isa = PBXBuildFile; fileRef = E4F2BBC62C53CC4F002B5434 /* Base */; };
		E4F2BBC92C53CC5A002B5434 /* Assets.xcassets in Resources */ = {isa = PBXBuildFile; fileRef = E4F2BBC82C53CC5A002B5434 /* Assets.xcassets */; };
		E4F2BBCC2C53CC5A002B5434 /* Base in Resources */ = {isa = PBXBuildFile; fileRef = E4F2BBCB2C53CC5A002B5434 /* Base */; };
		E4F2BBD72C53CC5B002B5434 /* AppNotificaTests.swift in Sources */ = {isa = PBXBuildFile; fileRef = E4F2BBD62C53CC5B002B5434 /* AppNotificaTests.swift */; };
		E4F2BBE12C53CC5B002B5434 /* AppNotificaUITests.swift in Sources */ = {isa = PBXBuildFile; fileRef = E4F2BBE02C53CC5B002B5434 /* AppNotificaUITests.swift */; };
		E4F2BBE32C53CC5B002B5434 /* AppNotificaUITestsLaunchTests.swift in Sources */ = {isa = PBXBuildFile; fileRef = E4F2BBE22C53CC5B002B5434 /* AppNotificaUITestsLaunchTests.swift */; };
		E4F2BBF02C53D66B002B5434 /* Cordinator.swift in Sources */ = {isa = PBXBuildFile; fileRef = E4F2BBEF2C53D66B002B5434 /* Cordinator.swift */; };
		E4F2BBF22C53D72A002B5434 /* LoginCordinator.swift in Sources */ = {isa = PBXBuildFile; fileRef = E4F2BBF12C53D72A002B5434 /* LoginCordinator.swift */; };
		E4F2BBF42C53D96F002B5434 /* LoginViewController.swift in Sources */ = {isa = PBXBuildFile; fileRef = E4F2BBF32C53D96F002B5434 /* LoginViewController.swift */; };
		E4F2BBF62C53DA29002B5434 /* LoginView.swift in Sources */ = {isa = PBXBuildFile; fileRef = E4F2BBF52C53DA29002B5434 /* LoginView.swift */; };
/* End PBXBuildFile section */

/* Begin PBXContainerItemProxy section */
		E4F2BBD32C53CC5B002B5434 /* PBXContainerItemProxy */ = {
			isa = PBXContainerItemProxy;
			containerPortal = E4F2BBB42C53CC4F002B5434 /* Project object */;
			proxyType = 1;
			remoteGlobalIDString = E4F2BBBB2C53CC4F002B5434;
			remoteInfo = AppNotifica;
		};
		E4F2BBDD2C53CC5B002B5434 /* PBXContainerItemProxy */ = {
			isa = PBXContainerItemProxy;
			containerPortal = E4F2BBB42C53CC4F002B5434 /* Project object */;
			proxyType = 1;
			remoteGlobalIDString = E4F2BBBB2C53CC4F002B5434;
			remoteInfo = AppNotifica;
		};
/* End PBXContainerItemProxy section */

/* Begin PBXFileReference section */
		E4F2BBBC2C53CC4F002B5434 /* AppNotifica.app */ = {isa = PBXFileReference; explicitFileType = wrapper.application; includeInIndex = 0; path = AppNotifica.app; sourceTree = BUILT_PRODUCTS_DIR; };
		E4F2BBBF2C53CC4F002B5434 /* AppDelegate.swift */ = {isa = PBXFileReference; lastKnownFileType = sourcecode.swift; path = AppDelegate.swift; sourceTree = "<group>"; };
		E4F2BBC12C53CC4F002B5434 /* SceneDelegate.swift */ = {isa = PBXFileReference; lastKnownFileType = sourcecode.swift; path = SceneDelegate.swift; sourceTree = "<group>"; };
		E4F2BBC32C53CC4F002B5434 /* ViewController.swift */ = {isa = PBXFileReference; lastKnownFileType = sourcecode.swift; path = ViewController.swift; sourceTree = "<group>"; };
		E4F2BBC62C53CC4F002B5434 /* Base */ = {isa = PBXFileReference; lastKnownFileType = file.storyboard; name = Base; path = Base.lproj/Main.storyboard; sourceTree = "<group>"; };
		E4F2BBC82C53CC5A002B5434 /* Assets.xcassets */ = {isa = PBXFileReference; lastKnownFileType = folder.assetcatalog; path = Assets.xcassets; sourceTree = "<group>"; };
		E4F2BBCB2C53CC5A002B5434 /* Base */ = {isa = PBXFileReference; lastKnownFileType = file.storyboard; name = Base; path = Base.lproj/LaunchScreen.storyboard; sourceTree = "<group>"; };
		E4F2BBCD2C53CC5A002B5434 /* Info.plist */ = {isa = PBXFileReference; lastKnownFileType = text.plist.xml; path = Info.plist; sourceTree = "<group>"; };
		E4F2BBD22C53CC5B002B5434 /* AppNotificaTests.xctest */ = {isa = PBXFileReference; explicitFileType = wrapper.cfbundle; includeInIndex = 0; path = AppNotificaTests.xctest; sourceTree = BUILT_PRODUCTS_DIR; };
		E4F2BBD62C53CC5B002B5434 /* AppNotificaTests.swift */ = {isa = PBXFileReference; lastKnownFileType = sourcecode.swift; path = AppNotificaTests.swift; sourceTree = "<group>"; };
		E4F2BBDC2C53CC5B002B5434 /* AppNotificaUITests.xctest */ = {isa = PBXFileReference; explicitFileType = wrapper.cfbundle; includeInIndex = 0; path = AppNotificaUITests.xctest; sourceTree = BUILT_PRODUCTS_DIR; };
		E4F2BBE02C53CC5B002B5434 /* AppNotificaUITests.swift */ = {isa = PBXFileReference; lastKnownFileType = sourcecode.swift; path = AppNotificaUITests.swift; sourceTree = "<group>"; };
		E4F2BBE22C53CC5B002B5434 /* AppNotificaUITestsLaunchTests.swift */ = {isa = PBXFileReference; lastKnownFileType = sourcecode.swift; path = AppNotificaUITestsLaunchTests.swift; sourceTree = "<group>"; };
		E4F2BBEF2C53D66B002B5434 /* Cordinator.swift */ = {isa = PBXFileReference; lastKnownFileType = sourcecode.swift; path = Cordinator.swift; sourceTree = "<group>"; };
		E4F2BBF12C53D72A002B5434 /* LoginCordinator.swift */ = {isa = PBXFileReference; lastKnownFileType = sourcecode.swift; path = LoginCordinator.swift; sourceTree = "<group>"; };
		E4F2BBF32C53D96F002B5434 /* LoginViewController.swift */ = {isa = PBXFileReference; lastKnownFileType = sourcecode.swift; path = LoginViewController.swift; sourceTree = "<group>"; };
		E4F2BBF52C53DA29002B5434 /* LoginView.swift */ = {isa = PBXFileReference; lastKnownFileType = sourcecode.swift; path = LoginView.swift; sourceTree = "<group>"; };
/* End PBXFileReference section */

/* Begin PBXFrameworksBuildPhase section */
		E4F2BBB92C53CC4F002B5434 /* Frameworks */ = {
			isa = PBXFrameworksBuildPhase;
			buildActionMask = 2147483647;
			files = (
			);
			runOnlyForDeploymentPostprocessing = 0;
		};
		E4F2BBCF2C53CC5B002B5434 /* Frameworks */ = {
			isa = PBXFrameworksBuildPhase;
			buildActionMask = 2147483647;
			files = (
			);
			runOnlyForDeploymentPostprocessing = 0;
		};
		E4F2BBD92C53CC5B002B5434 /* Frameworks */ = {
			isa = PBXFrameworksBuildPhase;
			buildActionMask = 2147483647;
			files = (
			);
			runOnlyForDeploymentPostprocessing = 0;
		};
/* End PBXFrameworksBuildPhase section */

/* Begin PBXGroup section */
		E4F2BBB32C53CC4F002B5434 = {
			isa = PBXGroup;
			children = (
				E4F2BBBE2C53CC4F002B5434 /* AppNotifica */,
				E4F2BBD52C53CC5B002B5434 /* AppNotificaTests */,
				E4F2BBDF2C53CC5B002B5434 /* AppNotificaUITests */,
				E4F2BBBD2C53CC4F002B5434 /* Products */,
			);
			sourceTree = "<group>";
		};
		E4F2BBBD2C53CC4F002B5434 /* Products */ = {
			isa = PBXGroup;
			children = (
				E4F2BBBC2C53CC4F002B5434 /* AppNotifica.app */,
				E4F2BBD22C53CC5B002B5434 /* AppNotificaTests.xctest */,
				E4F2BBDC2C53CC5B002B5434 /* AppNotificaUITests.xctest */,
			);
			name = Products;
			sourceTree = "<group>";
		};
		E4F2BBBE2C53CC4F002B5434 /* AppNotifica */ = {
			isa = PBXGroup;
			children = (
				E4F2BBBF2C53CC4F002B5434 /* AppDelegate.swift */,
				E4F2BBC12C53CC4F002B5434 /* SceneDelegate.swift */,
				E4F2BBC32C53CC4F002B5434 /* ViewController.swift */,
				E4F2BBC52C53CC4F002B5434 /* Main.storyboard */,
				E4F2BBC82C53CC5A002B5434 /* Assets.xcassets */,
				E4F2BBCA2C53CC5A002B5434 /* LaunchScreen.storyboard */,
				E4F2BBCD2C53CC5A002B5434 /* Info.plist */,
				E4F2BBEF2C53D66B002B5434 /* Cordinator.swift */,
				E4F2BBF12C53D72A002B5434 /* LoginCordinator.swift */,
				E4F2BBF32C53D96F002B5434 /* LoginViewController.swift */,
				E4F2BBF52C53DA29002B5434 /* LoginView.swift */,
			);
			path = AppNotifica;
			sourceTree = "<group>";
		};
		E4F2BBD52C53CC5B002B5434 /* AppNotificaTests */ = {
			isa = PBXGroup;
			children = (
				E4F2BBD62C53CC5B002B5434 /* AppNotificaTests.swift */,
			);
			path = AppNotificaTests;
			sourceTree = "<group>";
		};
		E4F2BBDF2C53CC5B002B5434 /* AppNotificaUITests */ = {
			isa = PBXGroup;
			children = (
				E4F2BBE02C53CC5B002B5434 /* AppNotificaUITests.swift */,
				E4F2BBE22C53CC5B002B5434 /* AppNotificaUITestsLaunchTests.swift */,
			);
			path = AppNotificaUITests;
			sourceTree = "<group>";
		};
/* End PBXGroup section */

/* Begin PBXNativeTarget section */
		E4F2BBBB2C53CC4F002B5434 /* AppNotifica */ = {
			isa = PBXNativeTarget;
			buildConfigurationList = E4F2BBE62C53CC5B002B5434 /* Build configuration list for PBXNativeTarget "AppNotifica" */;
			buildPhases = (
				E4F2BBB82C53CC4F002B5434 /* Sources */,
				E4F2BBB92C53CC4F002B5434 /* Frameworks */,
				E4F2BBBA2C53CC4F002B5434 /* Resources */,
			);
			buildRules = (
			);
			dependencies = (
			);
			name = AppNotifica;
			productName = AppNotifica;
			productReference = E4F2BBBC2C53CC4F002B5434 /* AppNotifica.app */;
			productType = "com.apple.product-type.application";
		};
		E4F2BBD12C53CC5B002B5434 /* AppNotificaTests */ = {
			isa = PBXNativeTarget;
			buildConfigurationList = E4F2BBE92C53CC5B002B5434 /* Build configuration list for PBXNativeTarget "AppNotificaTests" */;
			buildPhases = (
				E4F2BBCE2C53CC5B002B5434 /* Sources */,
				E4F2BBCF2C53CC5B002B5434 /* Frameworks */,
				E4F2BBD02C53CC5B002B5434 /* Resources */,
			);
			buildRules = (
			);
			dependencies = (
				E4F2BBD42C53CC5B002B5434 /* PBXTargetDependency */,
			);
			name = AppNotificaTests;
			productName = AppNotificaTests;
			productReference = E4F2BBD22C53CC5B002B5434 /* AppNotificaTests.xctest */;
			productType = "com.apple.product-type.bundle.unit-test";
		};
		E4F2BBDB2C53CC5B002B5434 /* AppNotificaUITests */ = {
			isa = PBXNativeTarget;
			buildConfigurationList = E4F2BBEC2C53CC5B002B5434 /* Build configuration list for PBXNativeTarget "AppNotificaUITests" */;
			buildPhases = (
				E4F2BBD82C53CC5B002B5434 /* Sources */,
				E4F2BBD92C53CC5B002B5434 /* Frameworks */,
				E4F2BBDA2C53CC5B002B5434 /* Resources */,
			);
			buildRules = (
			);
			dependencies = (
				E4F2BBDE2C53CC5B002B5434 /* PBXTargetDependency */,
			);
			name = AppNotificaUITests;
			productName = AppNotificaUITests;
			productReference = E4F2BBDC2C53CC5B002B5434 /* AppNotificaUITests.xctest */;
			productType = "com.apple.product-type.bundle.ui-testing";
		};
/* End PBXNativeTarget section */

/* Begin PBXProject section */
		E4F2BBB42C53CC4F002B5434 /* Project object */ = {
			isa = PBXProject;
			attributes = {
				BuildIndependentTargetsInParallel = 1;
				LastSwiftUpdateCheck = 1530;
				LastUpgradeCheck = 1530;
				TargetAttributes = {
					E4F2BBBB2C53CC4F002B5434 = {
						CreatedOnToolsVersion = 15.3;
					};
					E4F2BBD12C53CC5B002B5434 = {
						CreatedOnToolsVersion = 15.3;
						TestTargetID = E4F2BBBB2C53CC4F002B5434;
					};
					E4F2BBDB2C53CC5B002B5434 = {
						CreatedOnToolsVersion = 15.3;
						TestTargetID = E4F2BBBB2C53CC4F002B5434;
					};
				};
			};
			buildConfigurationList = E4F2BBB72C53CC4F002B5434 /* Build configuration list for PBXProject "AppNotifica" */;
			compatibilityVersion = "Xcode 14.0";
			developmentRegion = en;
			hasScannedForEncodings = 0;
			knownRegions = (
				en,
				Base,
			);
			mainGroup = E4F2BBB32C53CC4F002B5434;
			productRefGroup = E4F2BBBD2C53CC4F002B5434 /* Products */;
			projectDirPath = "";
			projectRoot = "";
			targets = (
				E4F2BBBB2C53CC4F002B5434 /* AppNotifica */,
				E4F2BBD12C53CC5B002B5434 /* AppNotificaTests */,
				E4F2BBDB2C53CC5B002B5434 /* AppNotificaUITests */,
			);
		};
/* End PBXProject section */

/* Begin PBXResourcesBuildPhase section */
		E4F2BBBA2C53CC4F002B5434 /* Resources */ = {
			isa = PBXResourcesBuildPhase;
			buildActionMask = 2147483647;
			files = (
				E4F2BBC92C53CC5A002B5434 /* Assets.xcassets in Resources */,
				E4F2BBCC2C53CC5A002B5434 /* Base in Resources */,
				E4F2BBC72C53CC4F002B5434 /* Base in Resources */,
			);
			runOnlyForDeploymentPostprocessing = 0;
		};
		E4F2BBD02C53CC5B002B5434 /* Resources */ = {
			isa = PBXResourcesBuildPhase;
			buildActionMask = 2147483647;
			files = (
			);
			runOnlyForDeploymentPostprocessing = 0;
		};
		E4F2BBDA2C53CC5B002B5434 /* Resources */ = {
			isa = PBXResourcesBuildPhase;
			buildActionMask = 2147483647;
			files = (
			);
			runOnlyForDeploymentPostprocessing = 0;
		};
/* End PBXResourcesBuildPhase section */

/* Begin PBXSourcesBuildPhase section */
		E4F2BBB82C53CC4F002B5434 /* Sources */ = {
			isa = PBXSourcesBuildPhase;
			buildActionMask = 2147483647;
			files = (
				E4F2BBF42C53D96F002B5434 /* LoginViewController.swift in Sources */,
				E4F2BBF62C53DA29002B5434 /* LoginView.swift in Sources */,
				E4F2BBF02C53D66B002B5434 /* Cordinator.swift in Sources */,
				E4F2BBF22C53D72A002B5434 /* LoginCordinator.swift in Sources */,
				E4F2BBC42C53CC4F002B5434 /* ViewController.swift in Sources */,
				E4F2BBC02C53CC4F002B5434 /* AppDelegate.swift in Sources */,
				E4F2BBC22C53CC4F002B5434 /* SceneDelegate.swift in Sources */,
			);
			runOnlyForDeploymentPostprocessing = 0;
		};
		E4F2BBCE2C53CC5B002B5434 /* Sources */ = {
			isa = PBXSourcesBuildPhase;
			buildActionMask = 2147483647;
			files = (
				E4F2BBD72C53CC5B002B5434 /* AppNotificaTests.swift in Sources */,
			);
			runOnlyForDeploymentPostprocessing = 0;
		};
		E4F2BBD82C53CC5B002B5434 /* Sources */ = {
			isa = PBXSourcesBuildPhase;
			buildActionMask = 2147483647;
			files = (
				E4F2BBE12C53CC5B002B5434 /* AppNotificaUITests.swift in Sources */,
				E4F2BBE32C53CC5B002B5434 /* AppNotificaUITestsLaunchTests.swift in Sources */,
			);
			runOnlyForDeploymentPostprocessing = 0;
		};
/* End PBXSourcesBuildPhase section */

/* Begin PBXTargetDependency section */
		E4F2BBD42C53CC5B002B5434 /* PBXTargetDependency */ = {
			isa = PBXTargetDependency;
			target = E4F2BBBB2C53CC4F002B5434 /* AppNotifica */;
			targetProxy = E4F2BBD32C53CC5B002B5434 /* PBXContainerItemProxy */;
		};
		E4F2BBDE2C53CC5B002B5434 /* PBXTargetDependency */ = {
			isa = PBXTargetDependency;
			target = E4F2BBBB2C53CC4F002B5434 /* AppNotifica */;
			targetProxy = E4F2BBDD2C53CC5B002B5434 /* PBXContainerItemProxy */;
		};
/* End PBXTargetDependency section */

/* Begin PBXVariantGroup section */
		E4F2BBC52C53CC4F002B5434 /* Main.storyboard */ = {
			isa = PBXVariantGroup;
			children = (
				E4F2BBC62C53CC4F002B5434 /* Base */,
			);
			name = Main.storyboard;
			sourceTree = "<group>";
		};
		E4F2BBCA2C53CC5A002B5434 /* LaunchScreen.storyboard */ = {
			isa = PBXVariantGroup;
			children = (
				E4F2BBCB2C53CC5A002B5434 /* Base */,
			);
			name = LaunchScreen.storyboard;
			sourceTree = "<group>";
		};
/* End PBXVariantGroup section */

/* Begin XCBuildConfiguration section */
		E4F2BBE42C53CC5B002B5434 /* Debug */ = {
			isa = XCBuildConfiguration;
			buildSettings = {
				ALWAYS_SEARCH_USER_PATHS = NO;
				ASSETCATALOG_COMPILER_GENERATE_SWIFT_ASSET_SYMBOL_EXTENSIONS = YES;
				CLANG_ANALYZER_NONNULL = YES;
				CLANG_ANALYZER_NUMBER_OBJECT_CONVERSION = YES_AGGRESSIVE;
				CLANG_CXX_LANGUAGE_STANDARD = "gnu++20";
				CLANG_ENABLE_MODULES = YES;
				CLANG_ENABLE_OBJC_ARC = YES;
				CLANG_ENABLE_OBJC_WEAK = YES;
				CLANG_WARN_BLOCK_CAPTURE_AUTORELEASING = YES;
				CLANG_WARN_BOOL_CONVERSION = YES;
				CLANG_WARN_COMMA = YES;
				CLANG_WARN_CONSTANT_CONVERSION = YES;
				CLANG_WARN_DEPRECATED_OBJC_IMPLEMENTATIONS = YES;
				CLANG_WARN_DIRECT_OBJC_ISA_USAGE = YES_ERROR;
				CLANG_WARN_DOCUMENTATION_COMMENTS = YES;
				CLANG_WARN_EMPTY_BODY = YES;
				CLANG_WARN_ENUM_CONVERSION = YES;
				CLANG_WARN_INFINITE_RECURSION = YES;
				CLANG_WARN_INT_CONVERSION = YES;
				CLANG_WARN_NON_LITERAL_NULL_CONVERSION = YES;
				CLANG_WARN_OBJC_IMPLICIT_RETAIN_SELF = YES;
				CLANG_WARN_OBJC_LITERAL_CONVERSION = YES;
				CLANG_WARN_OBJC_ROOT_CLASS = YES_ERROR;
				CLANG_WARN_QUOTED_INCLUDE_IN_FRAMEWORK_HEADER = YES;
				CLANG_WARN_RANGE_LOOP_ANALYSIS = YES;
				CLANG_WARN_STRICT_PROTOTYPES = YES;
				CLANG_WARN_SUSPICIOUS_MOVE = YES;
				CLANG_WARN_UNGUARDED_AVAILABILITY = YES_AGGRESSIVE;
				CLANG_WARN_UNREACHABLE_CODE = YES;
				CLANG_WARN__DUPLICATE_METHOD_MATCH = YES;
				COPY_PHASE_STRIP = NO;
				DEBUG_INFORMATION_FORMAT = dwarf;
				ENABLE_STRICT_OBJC_MSGSEND = YES;
				ENABLE_TESTABILITY = YES;
				ENABLE_USER_SCRIPT_SANDBOXING = YES;
				GCC_C_LANGUAGE_STANDARD = gnu17;
				GCC_DYNAMIC_NO_PIC = NO;
				GCC_NO_COMMON_BLOCKS = YES;
				GCC_OPTIMIZATION_LEVEL = 0;
				GCC_PREPROCESSOR_DEFINITIONS = (
					"DEBUG=1",
					"$(inherited)",
				);
				GCC_WARN_64_TO_32_BIT_CONVERSION = YES;
				GCC_WARN_ABOUT_RETURN_TYPE = YES_ERROR;
				GCC_WARN_UNDECLARED_SELECTOR = YES;
				GCC_WARN_UNINITIALIZED_AUTOS = YES_AGGRESSIVE;
				GCC_WARN_UNUSED_FUNCTION = YES;
				GCC_WARN_UNUSED_VARIABLE = YES;
				IPHONEOS_DEPLOYMENT_TARGET = 17.4;
				LOCALIZATION_PREFERS_STRING_CATALOGS = YES;
				MTL_ENABLE_DEBUG_INFO = INCLUDE_SOURCE;
				MTL_FAST_MATH = YES;
				ONLY_ACTIVE_ARCH = YES;
				SDKROOT = iphoneos;
				SWIFT_ACTIVE_COMPILATION_CONDITIONS = "DEBUG $(inherited)";
				SWIFT_OPTIMIZATION_LEVEL = "-Onone";
			};
			name = Debug;
		};
		E4F2BBE52C53CC5B002B5434 /* Release */ = {
			isa = XCBuildConfiguration;
			buildSettings = {
				ALWAYS_SEARCH_USER_PATHS = NO;
				ASSETCATALOG_COMPILER_GENERATE_SWIFT_ASSET_SYMBOL_EXTENSIONS = YES;
				CLANG_ANALYZER_NONNULL = YES;
				CLANG_ANALYZER_NUMBER_OBJECT_CONVERSION = YES_AGGRESSIVE;
				CLANG_CXX_LANGUAGE_STANDARD = "gnu++20";
				CLANG_ENABLE_MODULES = YES;
				CLANG_ENABLE_OBJC_ARC = YES;
				CLANG_ENABLE_OBJC_WEAK = YES;
				CLANG_WARN_BLOCK_CAPTURE_AUTORELEASING = YES;
				CLANG_WARN_BOOL_CONVERSION = YES;
				CLANG_WARN_COMMA = YES;
				CLANG_WARN_CONSTANT_CONVERSION = YES;
				CLANG_WARN_DEPRECATED_OBJC_IMPLEMENTATIONS = YES;
				CLANG_WARN_DIRECT_OBJC_ISA_USAGE = YES_ERROR;
				CLANG_WARN_DOCUMENTATION_COMMENTS = YES;
				CLANG_WARN_EMPTY_BODY = YES;
				CLANG_WARN_ENUM_CONVERSION = YES;
				CLANG_WARN_INFINITE_RECURSION = YES;
				CLANG_WARN_INT_CONVERSION = YES;
				CLANG_WARN_NON_LITERAL_NULL_CONVERSION = YES;
				CLANG_WARN_OBJC_IMPLICIT_RETAIN_SELF = YES;
				CLANG_WARN_OBJC_LITERAL_CONVERSION = YES;
				CLANG_WARN_OBJC_ROOT_CLASS = YES_ERROR;
				CLANG_WARN_QUOTED_INCLUDE_IN_FRAMEWORK_HEADER = YES;
				CLANG_WARN_RANGE_LOOP_ANALYSIS = YES;
				CLANG_WARN_STRICT_PROTOTYPES = YES;
				CLANG_WARN_SUSPICIOUS_MOVE = YES;
				CLANG_WARN_UNGUARDED_AVAILABILITY = YES_AGGRESSIVE;
				CLANG_WARN_UNREACHABLE_CODE = YES;
				CLANG_WARN__DUPLICATE_METHOD_MATCH = YES;
				COPY_PHASE_STRIP = NO;
				DEBUG_INFORMATION_FORMAT = "dwarf-with-dsym";
				ENABLE_NS_ASSERTIONS = NO;
				ENABLE_STRICT_OBJC_MSGSEND = YES;
				ENABLE_USER_SCRIPT_SANDBOXING = YES;
				GCC_C_LANGUAGE_STANDARD = gnu17;
				GCC_NO_COMMON_BLOCKS = YES;
				GCC_WARN_64_TO_32_BIT_CONVERSION = YES;
				GCC_WARN_ABOUT_RETURN_TYPE = YES_ERROR;
				GCC_WARN_UNDECLARED_SELECTOR = YES;
				GCC_WARN_UNINITIALIZED_AUTOS = YES_AGGRESSIVE;
				GCC_WARN_UNUSED_FUNCTION = YES;
				GCC_WARN_UNUSED_VARIABLE = YES;
				IPHONEOS_DEPLOYMENT_TARGET = 17.4;
				LOCALIZATION_PREFERS_STRING_CATALOGS = YES;
				MTL_ENABLE_DEBUG_INFO = NO;
				MTL_FAST_MATH = YES;
				SDKROOT = iphoneos;
				SWIFT_COMPILATION_MODE = wholemodule;
				VALIDATE_PRODUCT = YES;
			};
			name = Release;
		};
		E4F2BBE72C53CC5B002B5434 /* Debug */ = {
			isa = XCBuildConfiguration;
			buildSettings = {
				ASSETCATALOG_COMPILER_APPICON_NAME = AppIcon;
				ASSETCATALOG_COMPILER_GLOBAL_ACCENT_COLOR_NAME = AccentColor;
				CODE_SIGN_STYLE = Automatic;
				CURRENT_PROJECT_VERSION = 1;
				GENERATE_INFOPLIST_FILE = YES;
				INFOPLIST_FILE = AppNotifica/Info.plist;
				INFOPLIST_KEY_UIApplicationSupportsIndirectInputEvents = YES;
				INFOPLIST_KEY_UILaunchStoryboardName = LaunchScreen;
				INFOPLIST_KEY_UIMainStoryboardFile = Main;
				INFOPLIST_KEY_UISupportedInterfaceOrientations_iPad = "UIInterfaceOrientationPortrait UIInterfaceOrientationPortraitUpsideDown UIInterfaceOrientationLandscapeLeft UIInterfaceOrientationLandscapeRight";
				INFOPLIST_KEY_UISupportedInterfaceOrientations_iPhone = "UIInterfaceOrientationPortrait UIInterfaceOrientationLandscapeLeft UIInterfaceOrientationLandscapeRight";
				LD_RUNPATH_SEARCH_PATHS = (
					"$(inherited)",
					"@executable_path/Frameworks",
				);
				MARKETING_VERSION = 1.0;
				PRODUCT_BUNDLE_IDENTIFIER = "MAC-IFBIOTIC17.AppNotifica";
				PRODUCT_NAME = "$(TARGET_NAME)";
				SWIFT_EMIT_LOC_STRINGS = YES;
				SWIFT_VERSION = 5.0;
				TARGETED_DEVICE_FAMILY = "1,2";
			};
			name = Debug;
		};
		E4F2BBE82C53CC5B002B5434 /* Release */ = {
			isa = XCBuildConfiguration;
			buildSettings = {
				ASSETCATALOG_COMPILER_APPICON_NAME = AppIcon;
				ASSETCATALOG_COMPILER_GLOBAL_ACCENT_COLOR_NAME = AccentColor;
				CODE_SIGN_STYLE = Automatic;
				CURRENT_PROJECT_VERSION = 1;
				GENERATE_INFOPLIST_FILE = YES;
				INFOPLIST_FILE = AppNotifica/Info.plist;
				INFOPLIST_KEY_UIApplicationSupportsIndirectInputEvents = YES;
				INFOPLIST_KEY_UILaunchStoryboardName = LaunchScreen;
				INFOPLIST_KEY_UIMainStoryboardFile = Main;
				INFOPLIST_KEY_UISupportedInterfaceOrientations_iPad = "UIInterfaceOrientationPortrait UIInterfaceOrientationPortraitUpsideDown UIInterfaceOrientationLandscapeLeft UIInterfaceOrientationLandscapeRight";
				INFOPLIST_KEY_UISupportedInterfaceOrientations_iPhone = "UIInterfaceOrientationPortrait UIInterfaceOrientationLandscapeLeft UIInterfaceOrientationLandscapeRight";
				LD_RUNPATH_SEARCH_PATHS = (
					"$(inherited)",
					"@executable_path/Frameworks",
				);
				MARKETING_VERSION = 1.0;
				PRODUCT_BUNDLE_IDENTIFIER = "MAC-IFBIOTIC17.AppNotifica";
				PRODUCT_NAME = "$(TARGET_NAME)";
				SWIFT_EMIT_LOC_STRINGS = YES;
				SWIFT_VERSION = 5.0;
				TARGETED_DEVICE_FAMILY = "1,2";
			};
			name = Release;
		};
		E4F2BBEA2C53CC5B002B5434 /* Debug */ = {
			isa = XCBuildConfiguration;
			buildSettings = {
				ALWAYS_EMBED_SWIFT_STANDARD_LIBRARIES = YES;
				BUNDLE_LOADER = "$(TEST_HOST)";
				CODE_SIGN_STYLE = Automatic;
				CURRENT_PROJECT_VERSION = 1;
				GENERATE_INFOPLIST_FILE = YES;
				IPHONEOS_DEPLOYMENT_TARGET = 17.4;
				MARKETING_VERSION = 1.0;
				PRODUCT_BUNDLE_IDENTIFIER = "MAC-IFBIOTIC17.AppNotificaTests";
				PRODUCT_NAME = "$(TARGET_NAME)";
				SWIFT_EMIT_LOC_STRINGS = NO;
				SWIFT_VERSION = 5.0;
				TARGETED_DEVICE_FAMILY = "1,2";
				TEST_HOST = "$(BUILT_PRODUCTS_DIR)/AppNotifica.app/$(BUNDLE_EXECUTABLE_FOLDER_PATH)/AppNotifica";
			};
			name = Debug;
		};
		E4F2BBEB2C53CC5B002B5434 /* Release */ = {
			isa = XCBuildConfiguration;
			buildSettings = {
				ALWAYS_EMBED_SWIFT_STANDARD_LIBRARIES = YES;
				BUNDLE_LOADER = "$(TEST_HOST)";
				CODE_SIGN_STYLE = Automatic;
				CURRENT_PROJECT_VERSION = 1;
				GENERATE_INFOPLIST_FILE = YES;
				IPHONEOS_DEPLOYMENT_TARGET = 17.4;
				MARKETING_VERSION = 1.0;
				PRODUCT_BUNDLE_IDENTIFIER = "MAC-IFBIOTIC17.AppNotificaTests";
				PRODUCT_NAME = "$(TARGET_NAME)";
				SWIFT_EMIT_LOC_STRINGS = NO;
				SWIFT_VERSION = 5.0;
				TARGETED_DEVICE_FAMILY = "1,2";
				TEST_HOST = "$(BUILT_PRODUCTS_DIR)/AppNotifica.app/$(BUNDLE_EXECUTABLE_FOLDER_PATH)/AppNotifica";
			};
			name = Release;
		};
		E4F2BBED2C53CC5B002B5434 /* Debug */ = {
			isa = XCBuildConfiguration;
			buildSettings = {
				ALWAYS_EMBED_SWIFT_STANDARD_LIBRARIES = YES;
				CODE_SIGN_STYLE = Automatic;
				CURRENT_PROJECT_VERSION = 1;
				GENERATE_INFOPLIST_FILE = YES;
				MARKETING_VERSION = 1.0;
				PRODUCT_BUNDLE_IDENTIFIER = "MAC-IFBIOTIC17.AppNotificaUITests";
				PRODUCT_NAME = "$(TARGET_NAME)";
				SWIFT_EMIT_LOC_STRINGS = NO;
				SWIFT_VERSION = 5.0;
				TARGETED_DEVICE_FAMILY = "1,2";
				TEST_TARGET_NAME = AppNotifica;
			};
			name = Debug;
		};
		E4F2BBEE2C53CC5B002B5434 /* Release */ = {
			isa = XCBuildConfiguration;
			buildSettings = {
				ALWAYS_EMBED_SWIFT_STANDARD_LIBRARIES = YES;
				CODE_SIGN_STYLE = Automatic;
				CURRENT_PROJECT_VERSION = 1;
				GENERATE_INFOPLIST_FILE = YES;
				MARKETING_VERSION = 1.0;
				PRODUCT_BUNDLE_IDENTIFIER = "MAC-IFBIOTIC17.AppNotificaUITests";
				PRODUCT_NAME = "$(TARGET_NAME)";
				SWIFT_EMIT_LOC_STRINGS = NO;
				SWIFT_VERSION = 5.0;
				TARGETED_DEVICE_FAMILY = "1,2";
				TEST_TARGET_NAME = AppNotifica;
			};
			name = Release;
		};
/* End XCBuildConfiguration section */

/* Begin XCConfigurationList section */
		E4F2BBB72C53CC4F002B5434 /* Build configuration list for PBXProject "AppNotifica" */ = {
			isa = XCConfigurationList;
			buildConfigurations = (
				E4F2BBE42C53CC5B002B5434 /* Debug */,
				E4F2BBE52C53CC5B002B5434 /* Release */,
			);
			defaultConfigurationIsVisible = 0;
			defaultConfigurationName = Release;
		};
		E4F2BBE62C53CC5B002B5434 /* Build configuration list for PBXNativeTarget "AppNotifica" */ = {
			isa = XCConfigurationList;
			buildConfigurations = (
				E4F2BBE72C53CC5B002B5434 /* Debug */,
				E4F2BBE82C53CC5B002B5434 /* Release */,
			);
			defaultConfigurationIsVisible = 0;
			defaultConfigurationName = Release;
		};
		E4F2BBE92C53CC5B002B5434 /* Build configuration list for PBXNativeTarget "AppNotificaTests" */ = {
			isa = XCConfigurationList;
			buildConfigurations = (
				E4F2BBEA2C53CC5B002B5434 /* Debug */,
				E4F2BBEB2C53CC5B002B5434 /* Release */,
			);
			defaultConfigurationIsVisible = 0;
			defaultConfigurationName = Release;
		};
		E4F2BBEC2C53CC5B002B5434 /* Build configuration list for PBXNativeTarget "AppNotificaUITests" */ = {
			isa = XCConfigurationList;
			buildConfigurations = (
				E4F2BBED2C53CC5B002B5434 /* Debug */,
				E4F2BBEE2C53CC5B002B5434 /* Release */,
			);
			defaultConfigurationIsVisible = 0;
			defaultConfigurationName = Release;
		};
/* End XCConfigurationList section */
	};
	rootObject = E4F2BBB42C53CC4F002B5434 /* Project object */;
}
